# @generated - this file is auto-generated by `mise lock` https://mise.jdx.dev/dev-tools/mise-lock.html

lockfile_version = 2

[[tools.eza]]
version = "0.23.5"
backend = "aqua:eza-community/eza"
specifiers = ["latest"]

[tools.eza."platforms.linux-arm64"]
checksum = "sha256:40b87ae8628aa2ff0f0d2dc24ab52f689631366385c3da630bae745671fd71ec"
url = "https://github.com/eza-community/eza/releases/download/v0.23.5/eza_aarch64-unknown-linux-gnu.tar.gz"
url_api = "https://api.github.com/repos/eza-community/eza/releases/assets/471228867"

[tools.eza."platforms.linux-x64"]
checksum = "sha256:35c70c5c43c29108075e58b893234c67ef585f0b53a7eaf8e9e7d4eec9f339b4"
url = "https://github.com/eza-community/eza/releases/download/v0.23.5/eza_x86_64-unknown-linux-gnu.tar.gz"
url_api = "https://api.github.com/repos/eza-community/eza/releases/assets/471228887"

[tools.eza."platforms.linux-x64-musl"]
checksum = "sha256:e06eebab74b73d6b7d51a796a353824b001bea82df077706382e100815d28904"
url = "https://github.com/eza-community/eza/releases/download/v0.23.5/eza_x86_64-unknown-linux-musl.tar.gz"
url_api = "https://api.github.com/repos/eza-community/eza/releases/assets/471228890"

[tools.eza."platforms.windows-x64"]
checksum = "sha256:bbef561f5cfc8e778649b65e69c9c6e4c836c0fbe83ee3d0a5128091d797ed8a"
url = "https://github.com/eza-community/eza/releases/download/v0.23.5/eza.exe_x86_64-pc-windows-gnu.tar.gz"
url_api = "https://api.github.com/repos/eza-community/eza/releases/assets/471228877"

[[tools.fd]]
version = "10.5.0"
backend = "aqua:sharkdp/fd"
specifiers = ["latest"]

[tools.fd."platforms.linux-arm64"]
checksum = "sha256:c0ee43802e3313a317c5af2f4eabd6ba13eeedd595af9775f05e18a13ac4f52c"
url = "https://github.com/sharkdp/fd/releases/download/v10.5.0/fd-v10.5.0-aarch64-unknown-linux-gnu.tar.gz"
url_api = "https://api.github.com/repos/sharkdp/fd/releases/assets/530482307"

[tools.fd."platforms.linux-arm64-musl"]
checksum = "sha256:d76c4317f7d5dba69f8a2a15856c90c777e7f0dd4e85f0de8c76de6992c374d4"
url = "https://github.com/sharkdp/fd/releases/download/v10.5.0/fd-v10.5.0-aarch64-unknown-linux-musl.tar.gz"
url_api = "https://api.github.com/repos/sharkdp/fd/releases/assets/530481810"

[tools.fd."platforms.linux-x64"]
checksum = "sha256:a1259cd129636efbc3fef123525c1b49e88fe5088c012630983c310e52fdfa95"
url = "https://github.com/sharkdp/fd/releases/download/v10.5.0/fd-v10.5.0-x86_64-unknown-linux-gnu.tar.gz"
url_api = "https://api.github.com/repos/sharkdp/fd/releases/assets/530481615"

[tools.fd."platforms.linux-x64-musl"]
checksum = "sha256:761c72dc8e120d85b22292063be8a796e2eeb20eb3e4f38b8fa2343ccf3514a7"
url = "https://github.com/sharkdp/fd/releases/download/v10.5.0/fd-v10.5.0-x86_64-unknown-linux-musl.tar.gz"
url_api = "https://api.github.com/repos/sharkdp/fd/releases/assets/530481315"

[tools.fd."platforms.macos-arm64"]
checksum = "sha256:b67e1836c468e42e411984b56e52fa7abec08c2bd22c867398e7cc134aac5e12"
url = "https://github.com/sharkdp/fd/releases/download/v10.5.0/fd-v10.5.0-aarch64-apple-darwin.tar.gz"
url_api = "https://api.github.com/repos/sharkdp/fd/releases/assets/530481346"

[tools.fd."platforms.macos-x64"]
checksum = "sha256:7e31028c62c6955877735d0406807aa484c2a5e6f86235a59e26c29c301da590"
url = "https://github.com/sharkdp/fd/releases/download/v10.5.0/fd-v10.5.0-x86_64-apple-darwin.tar.gz"
url_api = "https://api.github.com/repos/sharkdp/fd/releases/assets/530484719"

[tools.fd."platforms.windows-x64"]
checksum = "sha256:a227701b8551c35a9931d9f6da75503cf86d88e182d71fb849a70864c5d57cd7"
url = "https://github.com/sharkdp/fd/releases/download/v10.5.0/fd-v10.5.0-x86_64-pc-windows-msvc.zip"
url_api = "https://api.github.com/repos/sharkdp/fd/releases/assets/530482901"

[[tools."github:Kilo-Org/kilocode"]]
version = "7.7.6"
backend = "github:Kilo-Org/kilocode"
specifiers = ["7.7"]

[tools."github:Kilo-Org/kilocode"."platforms.linux-arm64"]
checksum = "sha256:45f454dbe49fa30114a8656c8235f84550a852dc7719782d1fdd4e152cb43c45"
url = "https://github.com/Kilo-Org/kilocode/releases/download/v7.7.6/kilo-linux-arm64.tar.gz"
url_api = "https://api.github.com/repos/Kilo-Org/kilocode/releases/assets/578993501"

[tools."github:Kilo-Org/kilocode"."platforms.linux-arm64-musl"]
checksum = "sha256:ee919151ac68eff7679c3515ea000581f631696603849aae083dad1920134e91"
url = "https://github.com/Kilo-Org/kilocode/releases/download/v7.7.6/kilo-linux-arm64-musl.tar.gz"
url_api = "https://api.github.com/repos/Kilo-Org/kilocode/releases/assets/578993500"

[tools."github:Kilo-Org/kilocode"."platforms.linux-x64"]
checksum = "sha256:3836e493b96e412897564f98c856c85952b114b790b281f287eac6f0f5f00a21"
url = "https://github.com/Kilo-Org/kilocode/releases/download/v7.7.6/kilo-linux-x64.tar.gz"
url_api = "https://api.github.com/repos/Kilo-Org/kilocode/releases/assets/578993499"

[tools."github:Kilo-Org/kilocode"."platforms.linux-x64-musl"]
checksum = "sha256:a41b1e683d6c5073278b00ea8be2992ab18a77d76442b36b39ac8e2a9aba8069"
url = "https://github.com/Kilo-Org/kilocode/releases/download/v7.7.6/kilo-linux-x64-musl.tar.gz"
url_api = "https://api.github.com/repos/Kilo-Org/kilocode/releases/assets/578993498"

[tools."github:Kilo-Org/kilocode"."platforms.macos-arm64"]
checksum = "sha256:d873e03e76a677fd0c458aa1d827087fe4984f6e6b472940a6ddab0131c9e45d"
url = "https://github.com/Kilo-Org/kilocode/releases/download/v7.7.6/kilo-darwin-arm64.zip"
url_api = "https://api.github.com/repos/Kilo-Org/kilocode/releases/assets/578993554"

[tools."github:Kilo-Org/kilocode"."platforms.macos-x64"]
checksum = "sha256:c57043f343fa2eeca5439989c532c1fa5207b9462bf39c9ace101e6d35f6be5d"
url = "https://github.com/Kilo-Org/kilocode/releases/download/v7.7.6/kilo-darwin-x64.zip"
url_api = "https://api.github.com/repos/Kilo-Org/kilocode/releases/assets/578993555"

[tools."github:Kilo-Org/kilocode"."platforms.windows-x64"]
checksum = "sha256:55952278197f6885a302be314e0b39149c0cda20bbc6b733ba0638533dfb0754"
url = "https://github.com/Kilo-Org/kilocode/releases/download/v7.7.6/kilo-windows-x64.zip"
url_api = "https://api.github.com/repos/Kilo-Org/kilocode/releases/assets/578993623"

[[tools."github:fish-shell/fish-shell"]]
version = "4.9.3"
backend = "github:fish-shell/fish-shell"
specifiers = ["4.9"]

[tools."github:fish-shell/fish-shell"."platforms.linux-arm64"]
checksum = "sha256:57349f0111728c64b703a84e611aa97ff4d1fa8466385d64e67bd5bc3ffa49fc"
url = "https://github.com/fish-shell/fish-shell/releases/download/4.9.3/fish-4.9.3-linux-aarch64.tar.xz"
url_api = "https://api.github.com/repos/fish-shell/fish-shell/releases/assets/551107872"

[tools."github:fish-shell/fish-shell"."platforms.linux-arm64-musl"]
checksum = "sha256:57349f0111728c64b703a84e611aa97ff4d1fa8466385d64e67bd5bc3ffa49fc"
url = "https://github.com/fish-shell/fish-shell/releases/download/4.9.3/fish-4.9.3-linux-aarch64.tar.xz"
url_api = "https://api.github.com/repos/fish-shell/fish-shell/releases/assets/551107872"

[tools."github:fish-shell/fish-shell"."platforms.linux-x64"]
checksum = "sha256:8f643d10ad1abb0ef7072764c01ceb5cf61b2d373fda400cf60f0bad69b7e095"
url = "https://github.com/fish-shell/fish-shell/releases/download/4.9.3/fish-4.9.3-linux-x86_64.tar.xz"
url_api = "https://api.github.com/repos/fish-shell/fish-shell/releases/assets/551107873"

[tools."github:fish-shell/fish-shell"."platforms.linux-x64-musl"]
checksum = "sha256:8f643d10ad1abb0ef7072764c01ceb5cf61b2d373fda400cf60f0bad69b7e095"
url = "https://github.com/fish-shell/fish-shell/releases/download/4.9.3/fish-4.9.3-linux-x86_64.tar.xz"
url_api = "https://api.github.com/repos/fish-shell/fish-shell/releases/assets/551107873"

[tools."github:fish-shell/fish-shell"."platforms.macos-arm64"]
checksum = "sha256:20998a25f73217ddcc19f499055fd587e9912d1ad6e7109120fbcf2871f0b98c"
url = "https://github.com/fish-shell/fish-shell/releases/download/4.9.3/fish-4.9.3.tar.xz"
url_api = "https://api.github.com/repos/fish-shell/fish-shell/releases/assets/551107871"

[tools."github:fish-shell/fish-shell"."platforms.macos-x64"]
checksum = "sha256:20998a25f73217ddcc19f499055fd587e9912d1ad6e7109120fbcf2871f0b98c"
url = "https://github.com/fish-shell/fish-shell/releases/download/4.9.3/fish-4.9.3.tar.xz"
url_api = "https://api.github.com/repos/fish-shell/fish-shell/releases/assets/551107871"

[tools."github:fish-shell/fish-shell"."platforms.windows-x64"]
checksum = "sha256:20998a25f73217ddcc19f499055fd587e9912d1ad6e7109120fbcf2871f0b98c"
url = "https://github.com/fish-shell/fish-shell/releases/download/4.9.3/fish-4.9.3.tar.xz"
url_api = "https://api.github.com/repos/fish-shell/fish-shell/releases/assets/551107871"

[[tools."github:superradcompany/microsandbox"]]
version = "0.7.2"
backend = "github:superradcompany/microsandbox"
specifiers = ["0.7"]

[tools."github:superradcompany/microsandbox"."platforms.linux-arm64"]
checksum = "sha256:d4de7814147b835a4b99e51e236c8b333340091e5727a0b45d7eb847d56b022a"
url = "https://github.com/superradcompany/microsandbox/releases/download/v0.7.2/microsandbox-linux-aarch64.tar.gz"
url_api = "https://api.github.com/repos/superradcompany/microsandbox/releases/assets/571304593"
provenance = "github-attestations"

[tools."github:superradcompany/microsandbox"."platforms.linux-arm64-musl"]
checksum = "sha256:d4de7814147b835a4b99e51e236c8b333340091e5727a0b45d7eb847d56b022a"
url = "https://github.com/superradcompany/microsandbox/releases/download/v0.7.2/microsandbox-linux-aarch64.tar.gz"
url_api = "https://api.github.com/repos/superradcompany/microsandbox/releases/assets/571304593"
provenance = "github-attestations"

[tools."github:superradcompany/microsandbox"."platforms.linux-x64"]
checksum = "sha256:47c223e3ef5298abf05f47ed9f87981106e400d99bb3f1d042d4d6881346b18b"
url = "https://github.com/superradcompany/microsandbox/releases/download/v0.7.2/microsandbox-linux-x86_64.tar.gz"
url_api = "https://api.github.com/repos/superradcompany/microsandbox/releases/assets/571304599"
provenance = "github-attestations"

[tools."github:superradcompany/microsandbox"."platforms.linux-x64-musl"]
checksum = "sha256:47c223e3ef5298abf05f47ed9f87981106e400d99bb3f1d042d4d6881346b18b"
url = "https://github.com/superradcompany/microsandbox/releases/download/v0.7.2/microsandbox-linux-x86_64.tar.gz"
url_api = "https://api.github.com/repos/superradcompany/microsandbox/releases/assets/571304599"
provenance = "github-attestations"

[tools."github:superradcompany/microsandbox"."platforms.macos-arm64"]
checksum = "sha256:14a5910c6b395e9d50e001d81388cbe5366f18165c57ede4a5eda3e3315b7dbd"
url = "https://github.com/superradcompany/microsandbox/releases/download/v0.7.2/microsandbox-darwin-aarch64.tar.gz"
url_api = "https://api.github.com/repos/superradcompany/microsandbox/releases/assets/571304592"
provenance = "github-attestations"

[tools."github:superradcompany/microsandbox"."platforms.macos-x64"]
checksum = "sha256:4d2b2aac7c4f2c54362f81b083c19715032d4f15468332bc1fa86bea29afe249"
url = "https://github.com/superradcompany/microsandbox/releases/download/v0.7.2/agentd-x86_64"
url_api = "https://api.github.com/repos/superradcompany/microsandbox/releases/assets/571304504"
provenance = "github-attestations"

[tools."github:superradcompany/microsandbox"."platforms.windows-x64"]
checksum = "sha256:5a67a23eb8007bb98e6b5ff0579534d3122fe8faa413952b200ca8c3752d8498"
url = "https://github.com/superradcompany/microsandbox/releases/download/v0.7.2/microsandbox-windows-x86_64.zip"
url_api = "https://api.github.com/repos/superradcompany/microsandbox/releases/assets/571304632"
provenance = "github-attestations"

[[tools.jq]]
version = "1.8.2"
backend = "aqua:jqlang/jq"
specifiers = ["latest"]

[tools.jq."platforms.linux-arm64"]
checksum = "sha256:8b85c817833814ddca00a144c33705546355afccf0cf39b188f3cdb48b852309"
url = "https://github.com/jqlang/jq/releases/download/jq-1.8.2/jq-linux-arm64"
url_api = "https://api.github.com/repos/jqlang/jq/releases/assets/453012756"
provenance = "github-attestations"

[tools.jq."platforms.linux-arm64-musl"]
checksum = "sha256:8b85c817833814ddca00a144c33705546355afccf0cf39b188f3cdb48b852309"
url = "https://github.com/jqlang/jq/releases/download/jq-1.8.2/jq-linux-arm64"
url_api = "https://api.github.com/repos/jqlang/jq/releases/assets/453012756"
provenance = "github-attestations"

[tools.jq."platforms.linux-x64"]
checksum = "sha256:b1c22172dd303f3be49e935aa56aa48a8b7a46e0bc838b4997d3bb451495870f"
url = "https://github.com/jqlang/jq/releases/download/jq-1.8.2/jq-linux-amd64"
url_api = "https://api.github.com/repos/jqlang/jq/releases/assets/453012752"
provenance = "github-attestations"

[tools.jq."platforms.linux-x64-musl"]
checksum = "sha256:b1c22172dd303f3be49e935aa56aa48a8b7a46e0bc838b4997d3bb451495870f"
url = "https://github.com/jqlang/jq/releases/download/jq-1.8.2/jq-linux-amd64"
url_api = "https://api.github.com/repos/jqlang/jq/releases/assets/453012752"
provenance = "github-attestations"

[tools.jq."platforms.macos-arm64"]
checksum = "sha256:2d75340ba57a4b4b4c8708a21c2dc8e958a48aaa8bba13b27f77f6e4c0eca07e"
url = "https://github.com/jqlang/jq/releases/download/jq-1.8.2/jq-macos-arm64"
url_api = "https://api.github.com/repos/jqlang/jq/releases/assets/453012783"
provenance = "github-attestations"

[tools.jq."platforms.macos-x64"]
checksum = "sha256:e94b266e3c26690550006abe63152b782280f4e14374accdf04cbde844f00bc0"
url = "https://github.com/jqlang/jq/releases/download/jq-1.8.2/jq-macos-amd64"
url_api = "https://api.github.com/repos/jqlang/jq/releases/assets/453012782"
provenance = "github-attestations"

[tools.jq."platforms.windows-x64"]
checksum = "sha256:a6fc67fedaf9128a3309a1e2ebb8b986aeccf70122ee46d2cb4849e423f0c627"
url = "https://github.com/jqlang/jq/releases/download/jq-1.8.2/jq-windows-amd64.exe"
url_api = "https://api.github.com/repos/jqlang/jq/releases/assets/453012788"
provenance = "github-attestations"

[[tools.just]]
version = "1.58.0"
backend = "aqua:casey/just"
specifiers = ["latest"]

[tools.just."platforms.linux-arm64"]
checksum = "sha256:748237128c4c40cbdabc65e841d05ceba13cc23a91eaba395495894c1d9764df"
url = "https://github.com/casey/just/releases/download/1.58.0/just-1.58.0-aarch64-unknown-linux-musl.tar.gz"
url_api = "https://api.github.com/repos/casey/just/releases/assets/500510099"

[tools.just."platforms.linux-arm64-musl"]
checksum = "sha256:748237128c4c40cbdabc65e841d05ceba13cc23a91eaba395495894c1d9764df"
url = "https://github.com/casey/just/releases/download/1.58.0/just-1.58.0-aarch64-unknown-linux-musl.tar.gz"
url_api = "https://api.github.com/repos/casey/just/releases/assets/500510099"

[tools.just."platforms.linux-x64"]
checksum = "sha256:4a5cc2f53e6f0f8c59092a6cc38291eb729d46a7dd95d3ae582008881b84931d"
url = "https://github.com/casey/just/releases/download/1.58.0/just-1.58.0-x86_64-unknown-linux-musl.tar.gz"
url_api = "https://api.github.com/repos/casey/just/releases/assets/500509978"

[tools.just."platforms.linux-x64-musl"]
checksum = "sha256:4a5cc2f53e6f0f8c59092a6cc38291eb729d46a7dd95d3ae582008881b84931d"
url = "https://github.com/casey/just/releases/download/1.58.0/just-1.58.0-x86_64-unknown-linux-musl.tar.gz"
url_api = "https://api.github.com/repos/casey/just/releases/assets/500509978"

[tools.just."platforms.macos-arm64"]
checksum = "sha256:50ae3e996c974a0bf32ea7d10f495070df33f1b43e0616b2769e3d4821ed8f48"
url = "https://github.com/casey/just/releases/download/1.58.0/just-1.58.0-aarch64-apple-darwin.tar.gz"
url_api = "https://api.github.com/repos/casey/just/releases/assets/500509965"

[tools.just."platforms.macos-x64"]
checksum = "sha256:9a09cfef66aaa79da58203970103a0684307716caaabd3e9844cacc4dc0f4023"
url = "https://github.com/casey/just/releases/download/1.58.0/just-1.58.0-x86_64-apple-darwin.tar.gz"
url_api = "https://api.github.com/repos/casey/just/releases/assets/500510084"

[tools.just."platforms.windows-x64"]
checksum = "sha256:759f16fb7aa17c5c8b9594b6d4a8c1a6630dfd042cf2b3ff84841454d3d188dc"
url = "https://github.com/casey/just/releases/download/1.58.0/just-1.58.0-x86_64-pc-windows-msvc.zip"
url_api = "https://api.github.com/repos/casey/just/releases/assets/500511374"

[[tools.ripgrep]]
version = "15.2.0"
backend = "aqua:BurntSushi/ripgrep"
specifiers = ["latest"]

[tools.ripgrep."platforms.linux-arm64"]
checksum = "sha256:a740b91c82eaf9914cfedd353572f2791cbe0162c84101ee0951058f4dcbc90d"
url = "https://github.com/BurntSushi/ripgrep/releases/download/15.2.0/ripgrep-15.2.0-aarch64-unknown-linux-gnu.tar.gz"
url_api = "https://api.github.com/repos/BurntSushi/ripgrep/releases/assets/478119579"

[tools.ripgrep."platforms.linux-arm64-musl"]
checksum = "sha256:800b1e7206afe799dfb5a6901f23147cfaabe0e52210538100f61e86e1740915"
url = "https://github.com/BurntSushi/ripgrep/releases/download/15.2.0/ripgrep-15.2.0-aarch64-unknown-linux-musl.tar.gz"
url_api = "https://api.github.com/repos/BurntSushi/ripgrep/releases/assets/478120060"

[tools.ripgrep."platforms.linux-x64"]
checksum = "sha256:33e15bcf1624b25cdd2a55813a47a2f95dbe126268203e76aa6a585d1e7b149c"
url = "https://github.com/BurntSushi/ripgrep/releases/download/15.2.0/ripgrep-15.2.0-x86_64-unknown-linux-musl.tar.gz"
url_api = "https://api.github.com/repos/BurntSushi/ripgrep/releases/assets/478120097"

[tools.ripgrep."platforms.linux-x64-musl"]
checksum = "sha256:33e15bcf1624b25cdd2a55813a47a2f95dbe126268203e76aa6a585d1e7b149c"
url = "https://github.com/BurntSushi/ripgrep/releases/download/15.2.0/ripgrep-15.2.0-x86_64-unknown-linux-musl.tar.gz"
url_api = "https://api.github.com/repos/BurntSushi/ripgrep/releases/assets/478120097"

[tools.ripgrep."platforms.macos-arm64"]
checksum = "sha256:3750b2e93f37e0c692657da574d7019a101c0084da05a790c83fd335bad973e4"
url = "https://github.com/BurntSushi/ripgrep/releases/download/15.2.0/ripgrep-15.2.0-aarch64-apple-darwin.tar.gz"
url_api = "https://api.github.com/repos/BurntSushi/ripgrep/releases/assets/478118851"

[tools.ripgrep."platforms.macos-x64"]
checksum = "sha256:af7825fcc69a2afc7a7aea55fc9af90e26421d8f20fe59df32e233c0b8a231c1"
url = "https://github.com/BurntSushi/ripgrep/releases/download/15.2.0/ripgrep-15.2.0-x86_64-apple-darwin.tar.gz"
url_api = "https://api.github.com/repos/BurntSushi/ripgrep/releases/assets/478119585"

[tools.ripgrep."platforms.windows-x64"]
checksum = "sha256:71b2fef860abe467217a538ff31de02f5258807c0129f771846f87bd029aafc5"
url = "https://github.com/BurntSushi/ripgrep/releases/download/15.2.0/ripgrep-15.2.0-x86_64-pc-windows-msvc.zip"
url_api = "https://api.github.com/repos/BurntSushi/ripgrep/releases/assets/478119643"

[[tools.shellcheck]]
version = "0.11.0"
backend = "aqua:koalaman/shellcheck"
specifiers = ["latest"]

[tools.shellcheck."platforms.linux-arm64"]
checksum = "sha256:12b331c1d2db6b9eb13cfca64306b1b157a86eb69db83023e261eaa7e7c14588"
url = "https://github.com/koalaman/shellcheck/releases/download/v0.11.0/shellcheck-v0.11.0.linux.aarch64.tar.xz"
url_api = "https://api.github.com/repos/koalaman/shellcheck/releases/assets/279056934"

[tools.shellcheck."platforms.linux-arm64-musl"]
checksum = "sha256:12b331c1d2db6b9eb13cfca64306b1b157a86eb69db83023e261eaa7e7c14588"
url = "https://github.com/koalaman/shellcheck/releases/download/v0.11.0/shellcheck-v0.11.0.linux.aarch64.tar.xz"
url_api = "https://api.github.com/repos/koalaman/shellcheck/releases/assets/279056934"

[tools.shellcheck."platforms.linux-x64"]
checksum = "sha256:8c3be12b05d5c177a04c29e3c78ce89ac86f1595681cab149b65b97c4e227198"
url = "https://github.com/koalaman/shellcheck/releases/download/v0.11.0/shellcheck-v0.11.0.linux.x86_64.tar.xz"
url_api = "https://api.github.com/repos/koalaman/shellcheck/releases/assets/279056942"

[tools.shellcheck."platforms.linux-x64-musl"]
checksum = "sha256:8c3be12b05d5c177a04c29e3c78ce89ac86f1595681cab149b65b97c4e227198"
url = "https://github.com/koalaman/shellcheck/releases/download/v0.11.0/shellcheck-v0.11.0.linux.x86_64.tar.xz"
url_api = "https://api.github.com/repos/koalaman/shellcheck/releases/assets/279056942"

[tools.shellcheck."platforms.macos-arm64"]
checksum = "sha256:56affdd8de5527894dca6dc3d7e0a99a873b0f004d7aabc30ae407d3f48b0a79"
url = "https://github.com/koalaman/shellcheck/releases/download/v0.11.0/shellcheck-v0.11.0.darwin.aarch64.tar.xz"
url_api = "https://api.github.com/repos/koalaman/shellcheck/releases/assets/279056932"

[tools.shellcheck."platforms.macos-x64"]
checksum = "sha256:3c89db4edcab7cf1c27bff178882e0f6f27f7afdf54e859fa041fca10febe4c6"
url = "https://github.com/koalaman/shellcheck/releases/download/v0.11.0/shellcheck-v0.11.0.darwin.x86_64.tar.xz"
url_api = "https://api.github.com/repos/koalaman/shellcheck/releases/assets/279056930"

[tools.shellcheck."platforms.windows-x64"]
checksum = "sha256:8a4e35ab0b331c85d73567b12f2a444df187f483e5079ceffa6bda1faa2e740e"
url = "https://github.com/koalaman/shellcheck/releases/download/v0.11.0/shellcheck-v0.11.0.zip"
url_api = "https://api.github.com/repos/koalaman/shellcheck/releases/assets/279056944"

[[tools.tmux]]
version = "3.7c"
backend = "aqua:tmux/tmux-builds"
specifiers = ["latest"]

[tools.tmux."platforms.linux-arm64"]
checksum = "sha256:29dcb978da2a4b0cf6790f9e004865dac239a3ba03bbf776dddacce23d03831b"
url = "https://github.com/tmux/tmux-builds/releases/download/v3.7c/tmux-3.7c-linux-arm64.tar.gz"
url_api = "https://api.github.com/repos/tmux/tmux-builds/releases/assets/528734863"

[tools.tmux."platforms.linux-arm64-musl"]
checksum = "sha256:29dcb978da2a4b0cf6790f9e004865dac239a3ba03bbf776dddacce23d03831b"
url = "https://github.com/tmux/tmux-builds/releases/download/v3.7c/tmux-3.7c-linux-arm64.tar.gz"
url_api = "https://api.github.com/repos/tmux/tmux-builds/releases/assets/528734863"

[tools.tmux."platforms.linux-x64"]
checksum = "sha256:cc56bd1cc873eb6089c615f0496b072385bda8a6d944069f38564a5d49c128aa"
url = "https://github.com/tmux/tmux-builds/releases/download/v3.7c/tmux-3.7c-linux-x86_64.tar.gz"
url_api = "https://api.github.com/repos/tmux/tmux-builds/releases/assets/528734864"

[tools.tmux."platforms.linux-x64-musl"]
checksum = "sha256:cc56bd1cc873eb6089c615f0496b072385bda8a6d944069f38564a5d49c128aa"
url = "https://github.com/tmux/tmux-builds/releases/download/v3.7c/tmux-3.7c-linux-x86_64.tar.gz"
url_api = "https://api.github.com/repos/tmux/tmux-builds/releases/assets/528734864"

[tools.tmux."platforms.macos-arm64"]
checksum = "sha256:0a763dd0380aa980d239509654da1bc7455843706a3c050f6709c8cd2e13d12d"
url = "https://github.com/tmux/tmux-builds/releases/download/v3.7c/tmux-3.7c-macos-arm64.tar.gz"
url_api = "https://api.github.com/repos/tmux/tmux-builds/releases/assets/528734861"

[tools.tmux."platforms.macos-x64"]
checksum = "sha256:1c21f9ade964e4a539be05ffe3a4e95854ab76a0a9c4c05d0ffbe7fc6c4d783f"
url = "https://github.com/tmux/tmux-builds/releases/download/v3.7c/tmux-3.7c-macos-x86_64.tar.gz"
url_api = "https://api.github.com/repos/tmux/tmux-builds/releases/assets/528734867"

[[tools.yq]]
version = "4.53.6"
backend = "aqua:mikefarah/yq"
specifiers = ["latest"]

[tools.yq."platforms.linux-arm64"]
checksum = "sha256:88a1016bc1d657375a35864e4f44b6f333df8ff97b559f51bba0adcb2169df09"
url = "https://github.com/mikefarah/yq/releases/download/v4.53.6/yq_linux_arm64"
url_api = "https://api.github.com/repos/mikefarah/yq/releases/assets/522028007"
provenance = "cosign"

[tools.yq."platforms.linux-arm64-musl"]
checksum = "sha256:88a1016bc1d657375a35864e4f44b6f333df8ff97b559f51bba0adcb2169df09"
url = "https://github.com/mikefarah/yq/releases/download/v4.53.6/yq_linux_arm64"
url_api = "https://api.github.com/repos/mikefarah/yq/releases/assets/522028007"
provenance = "cosign"

[tools.yq."platforms.linux-x64"]
checksum = "sha512:508f4ee34c6d093d136ff3c1b36db4105e686c3d68d435c064448ba16e2616d528efafb2cb0a1890b7724890373a226a38b7da27e6796396ee759bed39a8c671"
url = "https://github.com/mikefarah/yq/releases/download/v4.53.6/yq_linux_amd64"
url_api = "https://api.github.com/repos/mikefarah/yq/releases/assets/522028022"
provenance = "cosign"

[tools.yq."platforms.linux-x64-musl"]
checksum = "sha256:c5f056448f973ae7d39b5401949648a78f2dc1947d6a8eb65be60d5c504b9385"
url = "https://github.com/mikefarah/yq/releases/download/v4.53.6/yq_linux_amd64"
url_api = "https://api.github.com/repos/mikefarah/yq/releases/assets/522028022"
provenance = "cosign"

[tools.yq."platforms.macos-arm64"]
checksum = "sha256:cceb0b8d71ea5294334121f8429f33f92b920e7217d904a2f9f35443968ac424"
url = "https://github.com/mikefarah/yq/releases/download/v4.53.6/yq_darwin_arm64"
url_api = "https://api.github.com/repos/mikefarah/yq/releases/assets/522028033"
provenance = "cosign"

[tools.yq."platforms.macos-x64"]
checksum = "sha256:caa513cb04f3804b34d4752f0e0d7904fecb9e7cf1d34081289f83259319a7f6"
url = "https://github.com/mikefarah/yq/releases/download/v4.53.6/yq_darwin_amd64"
url_api = "https://api.github.com/repos/mikefarah/yq/releases/assets/522028031"
provenance = "cosign"

[tools.yq."platforms.windows-x64"]
checksum = "sha256:ece3dd8bb50d39f93610506273ea262feb91e5c486bbddbb10abf91b2a6c0f14"
url = "https://github.com/mikefarah/yq/releases/download/v4.53.6/yq_windows_amd64.exe"
url_api = "https://api.github.com/repos/mikefarah/yq/releases/assets/522027974"
provenance = "cosign"
